
Microsoft Visual Studio Solution File, Format Version 12.00
# Visual Studio 15
VisualStudioVersion = 15.0.27703.2026
MinimumVisualStudioVersion = 10.0.40219.1
Project("{FAE04EC0-301F-11D3-BF4B-00C04F79EFBC}") = "Http2Sharp", "Http2Sharp\Http2Sharp.csproj", "{3C600447-8801-4E43-8ABB-BDB94EE7EF7E}"
EndProject
Project("{FAE04EC0-301F-11D3-BF4B-00C04F79EFBC}") = "Http2Sharp.Cli", "Http2Sharp.Cli\Http2Sharp.Cli.csproj", "{5A28EB6C-95F7-4B57-A12C-99C704520A88}"
EndProject
Global
	GlobalSection(SolutionConfigurationPlatforms) = preSolution
		Debug|Any CPU = Debug|Any CPU
		Release|Any CPU = Release|Any CPU
	EndGlobalSection
	GlobalSection(ProjectConfigurationPlatforms) = postSolution
		{3C600447-8801-4E43-8ABB-BDB94EE7EF7E}.Debug|Any CPU.ActiveCfg = Debug|Any CPU
		{3C600447-8801-4E43-8ABB-BDB94EE7EF7E}.Debug|Any CPU.Build.0 = Debug|Any CPU
		{3C600447-8801-4E43-8ABB-BDB94EE7EF7E}.Release|Any CPU.ActiveCfg = Release|Any CPU
		{3C600447-8801-4E43-8ABB-BDB94EE7EF7E}.Release|Any CPU.Build.0 = Release|Any CPU
		{5A28EB6C-95F7-4B57-A12C-99C704520A88}.Debug|Any CPU.ActiveCfg = Debug|Any CPU
		{5A28EB6C-95F7-4B57-A12C-99C704520A88}.Debug|Any CPU.Build.0 = Debug|Any CPU
		{5A28EB6C-95F7-4B57-A12C-99C704520A88}.Release|Any CPU.ActiveCfg = Release|Any CPU
		{5A28EB6C-95F7-4B57-A12C-99C704520A88}.Release|Any CPU.Build.0 = Release|Any CPU
	EndGlobalSection
	GlobalSection(SolutionProperties) = preSolution
		HideSolutionNode = FALSE
	EndGlobalSection
	GlobalSection(ExtensibilityGlobals) = postSolution
		SolutionGuid = {F5306656-6E27-43BD-8979-41F077BF97F7}
	EndGlobalSection
EndGlobal
